
Microsoft Visual Studio Solution File, Format Version 12.00
# Visual Studio Version 17
VisualStudioVersion = 17.6.33829.357
MinimumVisualStudioVersion = 10.0.40219.1
Project("{FAE04EC0-301F-11D3-BF4B-00C04F79EFBC}") = "LearnFirst", "LearnFirst.csproj", "{0CD714B2-B3E5-43DE-810E-DBE5B2857D9B}"
EndProject
Global
	GlobalSection(SolutionConfigurationPlatforms) = preSolution
		Debug|Any CPU = Debug|Any CPU
		Release|Any CPU = Release|Any CPU
	EndGlobalSection
	GlobalSection(ProjectConfigurationPlatforms) = postSolution
		{0CD714B2-B3E5-43DE-810E-DBE5B2857D9B}.Debug|Any CPU.ActiveCfg = Debug|Any CPU
		{0CD714B2-B3E5-43DE-810E-DBE5B2857D9B}.Debug|Any CPU.Build.0 = Debug|Any CPU
		{0CD714B2-B3E5-43DE-810E-DBE5B2857D9B}.Release|Any CPU.ActiveCfg = Release|Any CPU
		{0CD714B2-B3E5-43DE-810E-DBE5B2857D9B}.Release|Any CPU.Build.0 = Release|Any CPU
	EndGlobalSection
	GlobalSection(SolutionProperties) = preSolution
		HideSolutionNode = FALSE
	EndGlobalSection
	GlobalSection(ExtensibilityGlobals) = postSolution
		SolutionGuid = {EB10F40C-362F-4ACD-A04A-2D7EC9C93C06}
	EndGlobalSection
EndGlobal
